
Microsoft Visual Studio Solution File, Format Version 12.00
# Visual Studio Version 17
VisualStudioVersion = 17.4.33122.133
MinimumVisualStudioVersion = 10.0.40219.1
Project("{888888A0-9F3D-457C-B088-3A5042F75D52}") = "LabBenchRepository", "LabBenchRepository.pyproj", "{ADDD7D4F-BE9C-4451-AF7B-29CEB706FC1D}"
EndProject
Global
	GlobalSection(SolutionConfigurationPlatforms) = preSolution
		Debug|Any CPU = Debug|Any CPU
		Release|Any CPU = Release|Any CPU
	EndGlobalSection
	GlobalSection(ProjectConfigurationPlatforms) = postSolution
		{ADDD7D4F-BE9C-4451-AF7B-29CEB706FC1D}.Debug|Any CPU.ActiveCfg = Debug|Any CPU
		{ADDD7D4F-BE9C-4451-AF7B-29CEB706FC1D}.Release|Any CPU.ActiveCfg = Release|Any CPU
	EndGlobalSection
	GlobalSection(SolutionProperties) = preSolution
		HideSolutionNode = FALSE
	EndGlobalSection
	GlobalSection(ExtensibilityGlobals) = postSolution
		SolutionGuid = {0610E1CF-D22D-43B8-A8A7-C500475561C7}
	EndGlobalSection
EndGlobal
